
Microsoft Visual Studio Solution File, Format Version 12.00
# Visual Studio Version 16
VisualStudioVersion = 16.0.31410.357
MinimumVisualStudioVersion = 10.0.40219.1
Project("{FAE04EC0-301F-11D3-BF4B-00C04F79EFBC}") = "ReadExcelAndFilterData_Demo", "ReadExcelAndFilterData_Demo\ReadExcelAndFilterData_Demo.csproj", "{483FBF35-1631-49D0-8FDE-F2BB7AEB0903}"
EndProject
Global
	GlobalSection(SolutionConfigurationPlatforms) = preSolution
		Debug|Any CPU = Debug|Any CPU
		Release|Any CPU = Release|Any CPU
	EndGlobalSection
	GlobalSection(ProjectConfigurationPlatforms) = postSolution
		{483FBF35-1631-49D0-8FDE-F2BB7AEB0903}.Debug|Any CPU.ActiveCfg = Debug|Any CPU
		{483FBF35-1631-49D0-8FDE-F2BB7AEB0903}.Debug|Any CPU.Build.0 = Debug|Any CPU
		{483FBF35-1631-49D0-8FDE-F2BB7AEB0903}.Release|Any CPU.ActiveCfg = Release|Any CPU
		{483FBF35-1631-49D0-8FDE-F2BB7AEB0903}.Release|Any CPU.Build.0 = Release|Any CPU
	EndGlobalSection
	GlobalSection(SolutionProperties) = preSolution
		HideSolutionNode = FALSE
	EndGlobalSection
	GlobalSection(ExtensibilityGlobals) = postSolution
		SolutionGuid = {88DB8E0C-F8FA-4567-9EF0-9D3649A23989}
	EndGlobalSection
EndGlobal
